
Microsoft Visual Studio Solution File, Format Version 12.00
# Visual Studio Version 17
VisualStudioVersion = 17.3.32811.315
MinimumVisualStudioVersion = 10.0.40219.1
Project("{FAE04EC0-301F-11D3-BF4B-00C04F79EFBC}") = "RPGGame", "RPGGame\RPGGame.csproj", "{BD904D8C-E82F-43DD-814A-55CEA7BD1CFE}"
EndProject
Project("{FAE04EC0-301F-11D3-BF4B-00C04F79EFBC}") = "Engine", "Engine\Engine.csproj", "{A75D4DC5-6679-47B5-99CA-BA6ACA285F3E}"
EndProject
Global
	GlobalSection(SolutionConfigurationPlatforms) = preSolution
		Debug|Any CPU = Debug|Any CPU
		Release|Any CPU = Release|Any CPU
	EndGlobalSection
	GlobalSection(ProjectConfigurationPlatforms) = postSolution
		{BD904D8C-E82F-43DD-814A-55CEA7BD1CFE}.Debug|Any CPU.ActiveCfg = Debug|Any CPU
		{BD904D8C-E82F-43DD-814A-55CEA7BD1CFE}.Debug|Any CPU.Build.0 = Debug|Any CPU
		{BD904D8C-E82F-43DD-814A-55CEA7BD1CFE}.Release|Any CPU.ActiveCfg = Release|Any CPU
		{BD904D8C-E82F-43DD-814A-55CEA7BD1CFE}.Release|Any CPU.Build.0 = Release|Any CPU
		{A75D4DC5-6679-47B5-99CA-BA6ACA285F3E}.Debug|Any CPU.ActiveCfg = Debug|Any CPU
		{A75D4DC5-6679-47B5-99CA-BA6ACA285F3E}.Debug|Any CPU.Build.0 = Debug|Any CPU
		{A75D4DC5-6679-47B5-99CA-BA6ACA285F3E}.Release|Any CPU.ActiveCfg = Release|Any CPU
		{A75D4DC5-6679-47B5-99CA-BA6ACA285F3E}.Release|Any CPU.Build.0 = Release|Any CPU
	EndGlobalSection
	GlobalSection(SolutionProperties) = preSolution
		HideSolutionNode = FALSE
	EndGlobalSection
	GlobalSection(ExtensibilityGlobals) = postSolution
		SolutionGuid = {8604F881-F10C-4472-AB48-88233CFF24A2}
	EndGlobalSection
EndGlobal
